
Microsoft Visual Studio Solution File, Format Version 12.00
# Visual Studio Version 17
VisualStudioVersion = 17.3.32819.101
MinimumVisualStudioVersion = 10.0.40219.1
Project("{FAE04EC0-301F-11D3-BF4B-00C04F79EFBC}") = "Fruitivy", "Fruitivy\Fruitivy.csproj", "{B334A178-A4CE-4550-AC73-B411F7E3ED82}"
EndProject
Global
	GlobalSection(SolutionConfigurationPlatforms) = preSolution
		Debug|Any CPU = Debug|Any CPU
		Release|Any CPU = Release|Any CPU
	EndGlobalSection
	GlobalSection(ProjectConfigurationPlatforms) = postSolution
		{B334A178-A4CE-4550-AC73-B411F7E3ED82}.Debug|Any CPU.ActiveCfg = Debug|Any CPU
		{B334A178-A4CE-4550-AC73-B411F7E3ED82}.Debug|Any CPU.Build.0 = Debug|Any CPU
		{B334A178-A4CE-4550-AC73-B411F7E3ED82}.Release|Any CPU.ActiveCfg = Release|Any CPU
		{B334A178-A4CE-4550-AC73-B411F7E3ED82}.Release|Any CPU.Build.0 = Release|Any CPU
	EndGlobalSection
	GlobalSection(SolutionProperties) = preSolution
		HideSolutionNode = FALSE
	EndGlobalSection
	GlobalSection(ExtensibilityGlobals) = postSolution
		SolutionGuid = {4F4031E0-8388-46D6-998E-404BDE706A5F}
	EndGlobalSection
EndGlobal
